// !$*UTF8*$!
{
	archiveVersion = 1;
	classes = {
	};
	objectVersion = 55;
	objects = {

/* Begin PBXBuildFile section */
		1F346A6327BE72B000E713A0 /* AppDelegate.swift in Sources */ = {isa = PBXBuildFile; fileRef = 1F346A6227BE72B000E713A0 /* AppDelegate.swift */; };
		1F346A6527BE72B000E713A0 /* SceneDelegate.swift in Sources */ = {isa = PBXBuildFile; fileRef = 1F346A6427BE72B000E713A0 /* SceneDelegate.swift */; };
		1F346A6727BE72B000E713A0 /* ViewController.swift in Sources */ = {isa = PBXBuildFile; fileRef = 1F346A6627BE72B000E713A0 /* ViewController.swift */; };
		1F346A6A27BE72B000E713A0 /* Main.storyboard in Resources */ = {isa = PBXBuildFile; fileRef = 1F346A6827BE72B000E713A0 /* Main.storyboard */; };
		1F346A6C27BE72B300E713A0 /* Assets.xcassets in Resources */ = {isa = PBXBuildFile; fileRef = 1F346A6B27BE72B300E713A0 /* Assets.xcassets */; };
		1F346A6F27BE72B300E713A0 /* LaunchScreen.storyboard in Resources */ = {isa = PBXBuildFile; fileRef = 1F346A6D27BE72B300E713A0 /* LaunchScreen.storyboard */; };
		1F346A7B27BE802A00E713A0 /* openCVWrapper.mm in Sources */ = {isa = PBXBuildFile; fileRef = 1F346A7A27BE802A00E713A0 /* openCVWrapper.mm */; };
		1F9362E827C0EDBC00F1F73D /* СustomCameraController.swift in Sources */ = {isa = PBXBuildFile; fileRef = 1F9362E727C0EDBC00F1F73D /* СustomCameraController.swift */; };
		1F9362EA27C0EE6B00F1F73D /* PhotoPreviewView.swift in Sources */ = {isa = PBXBuildFile; fileRef = 1F9362E927C0EE6B00F1F73D /* PhotoPreviewView.swift */; };
		1F9362EC27C0EF0800F1F73D /* UIView.swift in Sources */ = {isa = PBXBuildFile; fileRef = 1F9362EB27C0EF0800F1F73D /* UIView.swift */; };
		1F9362EF27C16A3600F1F73D /* GPUImage in Frameworks */ = {isa = PBXBuildFile; productRef = 1F9362EE27C16A3600F1F73D /* GPUImage */; };
		CE8C5ECDD0DB275F1B31EA86 /* Pods_ProjectOpenCV.framework in Frameworks */ = {isa = PBXBuildFile; fileRef = 8B2C597B2DABDA9477F0D530 /* Pods_ProjectOpenCV.framework */; };
/* End PBXBuildFile section */

/* Begin PBXCopyFilesBuildPhase section */
		1F346A8427BEAD7900E713A0 /* Embed Frameworks */ = {
			isa = PBXCopyFilesBuildPhase;
			buildActionMask = 2147483647;
			dstPath = "";
			dstSubfolderSpec = 10;
			files = (
			);
			name = "Embed Frameworks";
			runOnlyForDeploymentPostprocessing = 0;
		};
/* End PBXCopyFilesBuildPhase section */

/* Begin PBXFileReference section */
		1F346A5F27BE72B000E713A0 /* ProjectOpenCV.app */ = {isa = PBXFileReference; explicitFileType = wrapper.application; includeInIndex = 0; path = ProjectOpenCV.app; sourceTree = BUILT_PRODUCTS_DIR; };
		1F346A6227BE72B000E713A0 /* AppDelegate.swift */ = {isa = PBXFileReference; lastKnownFileType = sourcecode.swift; path = AppDelegate.swift; sourceTree = "<group>"; };
		1F346A6427BE72B000E713A0 /* SceneDelegate.swift */ = {isa = PBXFileReference; lastKnownFileType = sourcecode.swift; path = SceneDelegate.swift; sourceTree = "<group>"; };
		1F346A6627BE72B000E713A0 /* ViewController.swift */ = {isa = PBXFileReference; lastKnownFileType = sourcecode.swift; path = ViewController.swift; sourceTree = "<group>"; };
		1F346A6927BE72B000E713A0 /* Base */ = {isa = PBXFileReference; lastKnownFileType = file.storyboard; name = Base; path = Base.lproj/Main.storyboard; sourceTree = "<group>"; };
		1F346A6B27BE72B300E713A0 /* Assets.xcassets */ = {isa = PBXFileReference; lastKnownFileType = folder.assetcatalog; path = Assets.xcassets; sourceTree = "<group>"; };
		1F346A6E27BE72B300E713A0 /* Base */ = {isa = PBXFileReference; lastKnownFileType = file.storyboard; name = Base; path = Base.lproj/LaunchScreen.storyboard; sourceTree = "<group>"; };
		1F346A7027BE72B300E713A0 /* Info.plist */ = {isa = PBXFileReference; lastKnownFileType = text.plist.xml; path = Info.plist; sourceTree = "<group>"; };
		1F346A7827BE802A00E713A0 /* ProjectOpenCV-Bridging-Header.h */ = {isa = PBXFileReference; lastKnownFileType = sourcecode.c.h; path = "ProjectOpenCV-Bridging-Header.h"; sourceTree = "<group>"; };
		1F346A7927BE802A00E713A0 /* openCVWrapper.h */ = {isa = PBXFileReference; lastKnownFileType = sourcecode.c.h; path = openCVWrapper.h; sourceTree = "<group>"; };
		1F346A7A27BE802A00E713A0 /* openCVWrapper.mm */ = {isa = PBXFileReference; lastKnownFileType = sourcecode.cpp.objcpp; path = openCVWrapper.mm; sourceTree = "<group>"; };
		1F346A7C27BEA63B00E713A0 /* ProjectOpenCVRelease.entitlements */ = {isa = PBXFileReference; lastKnownFileType = text.plist.entitlements; path = ProjectOpenCVRelease.entitlements; sourceTree = "<group>"; };
		1F346A7D27BEA64A00E713A0 /* ProjectOpenCV.entitlements */ = {isa = PBXFileReference; lastKnownFileType = text.plist.entitlements; path = ProjectOpenCV.entitlements; sourceTree = "<group>"; };
		1F346A8127BEAD7900E713A0 /* ImglyKit.xcframework */ = {isa = PBXFileReference; lastKnownFileType = wrapper.xcframework; name = ImglyKit.xcframework; path = Pods/imglyKit/ImglyKit.xcframework; sourceTree = "<group>"; };
		1F346A8527BEAD8700E713A0 /* PhotoEditorSDK.xcframework */ = {isa = PBXFileReference; lastKnownFileType = wrapper.xcframework; name = PhotoEditorSDK.xcframework; path = Pods/PhotoEditorSDK/PhotoEditorSDK.xcframework; sourceTree = "<group>"; };
		1F9362E727C0EDBC00F1F73D /* СustomCameraController.swift */ = {isa = PBXFileReference; lastKnownFileType = sourcecode.swift; path = "СustomCameraController.swift"; sourceTree = "<group>"; };
		1F9362E927C0EE6B00F1F73D /* PhotoPreviewView.swift */ = {isa = PBXFileReference; lastKnownFileType = sourcecode.swift; path = PhotoPreviewView.swift; sourceTree = "<group>"; };
		1F9362EB27C0EF0800F1F73D /* UIView.swift */ = {isa = PBXFileReference; lastKnownFileType = sourcecode.swift; path = UIView.swift; sourceTree = "<group>"; };
		492930EA904838F1469EC2B5 /* Pods-ProjectOpenCV.release.xcconfig */ = {isa = PBXFileReference; includeInIndex = 1; lastKnownFileType = text.xcconfig; name = "Pods-ProjectOpenCV.release.xcconfig"; path = "Target Support Files/Pods-ProjectOpenCV/Pods-ProjectOpenCV.release.xcconfig"; sourceTree = "<group>"; };
		8B2C597B2DABDA9477F0D530 /* Pods_ProjectOpenCV.framework */ = {isa = PBXFileReference; explicitFileType = wrapper.framework; includeInIndex = 0; path = Pods_ProjectOpenCV.framework; sourceTree = BUILT_PRODUCTS_DIR; };
		AE152EA2BD0438C807FAE6BB /* Pods-ProjectOpenCV.debug.xcconfig */ = {isa = PBXFileReference; includeInIndex = 1; lastKnownFileType = text.xcconfig; name = "Pods-ProjectOpenCV.debug.xcconfig"; path = "Target Support Files/Pods-ProjectOpenCV/Pods-ProjectOpenCV.debug.xcconfig"; sourceTree = "<group>"; };
/* End PBXFileReference section */

/* Begin PBXFrameworksBuildPhase section */
		1F346A5C27BE72B000E713A0 /* Frameworks */ = {
			isa = PBXFrameworksBuildPhase;
			buildActionMask = 2147483647;
			files = (
				CE8C5ECDD0DB275F1B31EA86 /* Pods_ProjectOpenCV.framework in Frameworks */,
				1F9362EF27C16A3600F1F73D /* GPUImage in Frameworks */,
			);
			runOnlyForDeploymentPostprocessing = 0;
		};
/* End PBXFrameworksBuildPhase section */

/* Begin PBXGroup section */
		1F346A5627BE72B000E713A0 = {
			isa = PBXGroup;
			children = (
				1F346A6127BE72B000E713A0 /* ProjectOpenCV */,
				1F346A6027BE72B000E713A0 /* Products */,
				CC5612F4981C55D3D5B87D4A /* Pods */,
				970A5A57F2C3D2A694987106 /* Frameworks */,
			);
			sourceTree = "<group>";
		};
		1F346A6027BE72B000E713A0 /* Products */ = {
			isa = PBXGroup;
			children = (
				1F346A5F27BE72B000E713A0 /* ProjectOpenCV.app */,
			);
			name = Products;
			sourceTree = "<group>";
		};
		1F346A6127BE72B000E713A0 /* ProjectOpenCV */ = {
			isa = PBXGroup;
			children = (
				1F346A7D27BEA64A00E713A0 /* ProjectOpenCV.entitlements */,
				1F346A7C27BEA63B00E713A0 /* ProjectOpenCVRelease.entitlements */,
				1F346A6227BE72B000E713A0 /* AppDelegate.swift */,
				1F346A6427BE72B000E713A0 /* SceneDelegate.swift */,
				1F346A6627BE72B000E713A0 /* ViewController.swift */,
				1F9362E727C0EDBC00F1F73D /* СustomCameraController.swift */,
				1F9362EB27C0EF0800F1F73D /* UIView.swift */,
				1F9362E927C0EE6B00F1F73D /* PhotoPreviewView.swift */,
				1F346A7927BE802A00E713A0 /* openCVWrapper.h */,
				1F346A7A27BE802A00E713A0 /* openCVWrapper.mm */,
				1F346A6827BE72B000E713A0 /* Main.storyboard */,
				1F346A6B27BE72B300E713A0 /* Assets.xcassets */,
				1F346A6D27BE72B300E713A0 /* LaunchScreen.storyboard */,
				1F346A7027BE72B300E713A0 /* Info.plist */,
				1F346A7827BE802A00E713A0 /* ProjectOpenCV-Bridging-Header.h */,
			);
			path = ProjectOpenCV;
			sourceTree = "<group>";
		};
		970A5A57F2C3D2A694987106 /* Frameworks */ = {
			isa = PBXGroup;
			children = (
				1F346A8527BEAD8700E713A0 /* PhotoEditorSDK.xcframework */,
				1F346A8127BEAD7900E713A0 /* ImglyKit.xcframework */,
				8B2C597B2DABDA9477F0D530 /* Pods_ProjectOpenCV.framework */,
			);
			name = Frameworks;
			sourceTree = "<group>";
		};
		CC5612F4981C55D3D5B87D4A /* Pods */ = {
			isa = PBXGroup;
			children = (
				AE152EA2BD0438C807FAE6BB /* Pods-ProjectOpenCV.debug.xcconfig */,
				492930EA904838F1469EC2B5 /* Pods-ProjectOpenCV.release.xcconfig */,
			);
			path = Pods;
			sourceTree = "<group>";
		};
/* End PBXGroup section */

/* Begin PBXNativeTarget section */
		1F346A5E27BE72B000E713A0 /* ProjectOpenCV */ = {
			isa = PBXNativeTarget;
			buildConfigurationList = 1F346A7327BE72B300E713A0 /* Build configuration list for PBXNativeTarget "ProjectOpenCV" */;
			buildPhases = (
				31940480070DBF66D09F281C /* [CP] Check Pods Manifest.lock */,
				1F346A5B27BE72B000E713A0 /* Sources */,
				1F346A5C27BE72B000E713A0 /* Frameworks */,
				1F346A5D27BE72B000E713A0 /* Resources */,
				F89F12F4042025ED58AACE75 /* [CP] Embed Pods Frameworks */,
				1F346A8427BEAD7900E713A0 /* Embed Frameworks */,
				1F346A8827BEADE800E713A0 /* ShellScript */,
			);
			buildRules = (
			);
			dependencies = (
			);
			name = ProjectOpenCV;
			packageProductDependencies = (
				1F9362EE27C16A3600F1F73D /* GPUImage */,
			);
			productName = ProjectOpenCV;
			productReference = 1F346A5F27BE72B000E713A0 /* ProjectOpenCV.app */;
			productType = "com.apple.product-type.application";
		};
/* End PBXNativeTarget section */

/* Begin PBXProject section */
		1F346A5727BE72B000E713A0 /* Project object */ = {
			isa = PBXProject;
			attributes = {
				BuildIndependentTargetsInParallel = 1;
				LastSwiftUpdateCheck = 1320;
				LastUpgradeCheck = 1320;
				TargetAttributes = {
					1F346A5E27BE72B000E713A0 = {
						CreatedOnToolsVersion = 13.2.1;
						LastSwiftMigration = 1320;
					};
				};
			};
			buildConfigurationList = 1F346A5A27BE72B000E713A0 /* Build configuration list for PBXProject "ProjectOpenCV" */;
			compatibilityVersion = "Xcode 13.0";
			developmentRegion = en;
			hasScannedForEncodings = 0;
			knownRegions = (
				en,
				Base,
			);
			mainGroup = 1F346A5627BE72B000E713A0;
			packageReferences = (
				1F9362ED27C16A3500F1F73D /* XCRemoteSwiftPackageReference "GPUImage3" */,
			);
			productRefGroup = 1F346A6027BE72B000E713A0 /* Products */;
			projectDirPath = "";
			projectRoot = "";
			targets = (
				1F346A5E27BE72B000E713A0 /* ProjectOpenCV */,
			);
		};
/* End PBXProject section */

/* Begin PBXResourcesBuildPhase section */
		1F346A5D27BE72B000E713A0 /* Resources */ = {
			isa = PBXResourcesBuildPhase;
			buildActionMask = 2147483647;
			files = (
				1F346A6F27BE72B300E713A0 /* LaunchScreen.storyboard in Resources */,
				1F346A6C27BE72B300E713A0 /* Assets.xcassets in Resources */,
				1F346A6A27BE72B000E713A0 /* Main.storyboard in Resources */,
			);
			runOnlyForDeploymentPostprocessing = 0;
		};
/* End PBXResourcesBuildPhase section */

/* Begin PBXShellScriptBuildPhase section */
		1F346A8827BEADE800E713A0 /* ShellScript */ = {
			isa = PBXShellScriptBuildPhase;
			buildActionMask = 2147483647;
			files = (
			);
			inputFileListPaths = (
			);
			inputPaths = (
			);
			outputFileListPaths = (
			);
			outputPaths = (
			);
			runOnlyForDeploymentPostprocessing = 0;
			shellPath = /bin/sh;
			shellScript = "
";
		};
		31940480070DBF66D09F281C /* [CP] Check Pods Manifest.lock */ = {
			isa = PBXShellScriptBuildPhase;
			buildActionMask = 2147483647;
			files = (
			);
			inputFileListPaths = (
			);
			inputPaths = (
				"${PODS_PODFILE_DIR_PATH}/Podfile.lock",
				"${PODS_ROOT}/Manifest.lock",
			);
			name = "[CP] Check Pods Manifest.lock";
			outputFileListPaths = (
			);
			outputPaths = (
				"$(DERIVED_FILE_DIR)/Pods-ProjectOpenCV-checkManifestLockResult.txt",
			);
			runOnlyForDeploymentPostprocessing = 0;
			shellPath = /bin/sh;
			shellScript = "diff \"${PODS_PODFILE_DIR_PATH}/Podfile.lock\" \"${PODS_ROOT}/Manifest.lock\" > /dev/null\nif [ $? != 0 ] ; then\n    # print error to STDERR\n    echo \"error: The sandbox is not in sync with the Podfile.lock. Run 'pod install' or update your CocoaPods installation.\" >&2\n    exit 1\nfi\n# This output is used by Xcode 'outputs' to avoid re-running this script phase.\necho \"SUCCESS\" > \"${SCRIPT_OUTPUT_FILE_0}\"\n";
			showEnvVarsInLog = 0;
		};
		F89F12F4042025ED58AACE75 /* [CP] Embed Pods Frameworks */ = {
			isa = PBXShellScriptBuildPhase;
			buildActionMask = 2147483647;
			files = (
			);
			inputFileListPaths = (
				"${PODS_ROOT}/Target Support Files/Pods-ProjectOpenCV/Pods-ProjectOpenCV-frameworks-${CONFIGURATION}-input-files.xcfilelist",
			);
			name = "[CP] Embed Pods Frameworks";
			outputFileListPaths = (
				"${PODS_ROOT}/Target Support Files/Pods-ProjectOpenCV/Pods-ProjectOpenCV-frameworks-${CONFIGURATION}-output-files.xcfilelist",
			);
			runOnlyForDeploymentPostprocessing = 0;
			shellPath = /bin/sh;
			shellScript = "\"${PODS_ROOT}/Target Support Files/Pods-ProjectOpenCV/Pods-ProjectOpenCV-frameworks.sh\"\n";
			showEnvVarsInLog = 0;
		};
/* End PBXShellScriptBuildPhase section */

/* Begin PBXSourcesBuildPhase section */
		1F346A5B27BE72B000E713A0 /* Sources */ = {
			isa = PBXSourcesBuildPhase;
			buildActionMask = 2147483647;
			files = (
				1F346A6727BE72B000E713A0 /* ViewController.swift in Sources */,
				1F346A6327BE72B000E713A0 /* AppDelegate.swift in Sources */,
				1F346A7B27BE802A00E713A0 /* openCVWrapper.mm in Sources */,
				1F9362EC27C0EF0800F1F73D /* UIView.swift in Sources */,
				1F9362E827C0EDBC00F1F73D /* СustomCameraController.swift in Sources */,
				1F9362EA27C0EE6B00F1F73D /* PhotoPreviewView.swift in Sources */,
				1F346A6527BE72B000E713A0 /* SceneDelegate.swift in Sources */,
			);
			runOnlyForDeploymentPostprocessing = 0;
		};
/* End PBXSourcesBuildPhase section */

/* Begin PBXVariantGroup section */
		1F346A6827BE72B000E713A0 /* Main.storyboard */ = {
			isa = PBXVariantGroup;
			children = (
				1F346A6927BE72B000E713A0 /* Base */,
			);
			name = Main.storyboard;
			sourceTree = "<group>";
		};
		1F346A6D27BE72B300E713A0 /* LaunchScreen.storyboard */ = {
			isa = PBXVariantGroup;
			children = (
				1F346A6E27BE72B300E713A0 /* Base */,
			);
			name = LaunchScreen.storyboard;
			sourceTree = "<group>";
		};
/* End PBXVariantGroup section */

/* Begin XCBuildConfiguration section */
		1F346A7127BE72B300E713A0 /* Debug */ = {
			isa = XCBuildConfiguration;
			buildSettings = {
				ALWAYS_SEARCH_USER_PATHS = NO;
				CLANG_ANALYZER_NONNULL = YES;
				CLANG_ANALYZER_NUMBER_OBJECT_CONVERSION = YES_AGGRESSIVE;
				CLANG_CXX_LANGUAGE_STANDARD = "gnu++17";
				CLANG_CXX_LIBRARY = "libc++";
				CLANG_ENABLE_MODULES = YES;
				CLANG_ENABLE_OBJC_ARC = YES;
				CLANG_ENABLE_OBJC_WEAK = YES;
				CLANG_WARN_BLOCK_CAPTURE_AUTORELEASING = YES;
				CLANG_WARN_BOOL_CONVERSION = YES;
				CLANG_WARN_COMMA = YES;
				CLANG_WARN_CONSTANT_CONVERSION = YES;
				CLANG_WARN_DEPRECATED_OBJC_IMPLEMENTATIONS = YES;
				CLANG_WARN_DIRECT_OBJC_ISA_USAGE = YES_ERROR;
				CLANG_WARN_DOCUMENTATION_COMMENTS = YES;
				CLANG_WARN_EMPTY_BODY = YES;
				CLANG_WARN_ENUM_CONVERSION = YES;
				CLANG_WARN_INFINITE_RECURSION = YES;
				CLANG_WARN_INT_CONVERSION = YES;
				CLANG_WARN_NON_LITERAL_NULL_CONVERSION = YES;
				CLANG_WARN_OBJC_IMPLICIT_RETAIN_SELF = YES;
				CLANG_WARN_OBJC_LITERAL_CONVERSION = YES;
				CLANG_WARN_OBJC_ROOT_CLASS = YES_ERROR;
				CLANG_WARN_QUOTED_INCLUDE_IN_FRAMEWORK_HEADER = YES;
				CLANG_WARN_RANGE_LOOP_ANALYSIS = YES;
				CLANG_WARN_STRICT_PROTOTYPES = YES;
				CLANG_WARN_SUSPICIOUS_MOVE = YES;
				CLANG_WARN_UNGUARDED_AVAILABILITY = YES_AGGRESSIVE;
				CLANG_WARN_UNREACHABLE_CODE = YES;
				CLANG_WARN__DUPLICATE_METHOD_MATCH = YES;
				CODE_SIGN_IDENTITY = "Apple Development";
				CODE_SIGN_INJECT_BASE_ENTITLEMENTS = NO;
				CODE_SIGN_STYLE = Manual;
				COPY_PHASE_STRIP = NO;
				DEBUG_INFORMATION_FORMAT = dwarf;
				ENABLE_STRICT_OBJC_MSGSEND = YES;
				ENABLE_TESTABILITY = YES;
				GCC_C_LANGUAGE_STANDARD = gnu11;
				GCC_DYNAMIC_NO_PIC = NO;
				GCC_NO_COMMON_BLOCKS = YES;
				GCC_OPTIMIZATION_LEVEL = 0;
				GCC_PREPROCESSOR_DEFINITIONS = (
					"DEBUG=1",
					"$(inherited)",
				);
				GCC_WARN_64_TO_32_BIT_CONVERSION = YES;
				GCC_WARN_ABOUT_RETURN_TYPE = YES_ERROR;
				GCC_WARN_UNDECLARED_SELECTOR = YES;
				GCC_WARN_UNINITIALIZED_AUTOS = YES_AGGRESSIVE;
				GCC_WARN_UNUSED_FUNCTION = YES;
				GCC_WARN_UNUSED_VARIABLE = YES;
				IPHONEOS_DEPLOYMENT_TARGET = 15.2;
				MTL_ENABLE_DEBUG_INFO = INCLUDE_SOURCE;
				MTL_FAST_MATH = YES;
				ONLY_ACTIVE_ARCH = YES;
				SDKROOT = iphoneos;
				SWIFT_ACTIVE_COMPILATION_CONDITIONS = DEBUG;
				SWIFT_OPTIMIZATION_LEVEL = "-Onone";
			};
			name = Debug;
		};
		1F346A7227BE72B300E713A0 /* Release */ = {
			isa = XCBuildConfiguration;
			buildSettings = {
				ALWAYS_SEARCH_USER_PATHS = NO;
				CLANG_ANALYZER_NONNULL = YES;
				CLANG_ANALYZER_NUMBER_OBJECT_CONVERSION = YES_AGGRESSIVE;
				CLANG_CXX_LANGUAGE_STANDARD = "gnu++17";
				CLANG_CXX_LIBRARY = "libc++";
				CLANG_ENABLE_MODULES = YES;
				CLANG_ENABLE_OBJC_ARC = YES;
				CLANG_ENABLE_OBJC_WEAK = YES;
				CLANG_WARN_BLOCK_CAPTURE_AUTORELEASING = YES;
				CLANG_WARN_BOOL_CONVERSION = YES;
				CLANG_WARN_COMMA = YES;
				CLANG_WARN_CONSTANT_CONVERSION = YES;
				CLANG_WARN_DEPRECATED_OBJC_IMPLEMENTATIONS = YES;
				CLANG_WARN_DIRECT_OBJC_ISA_USAGE = YES_ERROR;
				CLANG_WARN_DOCUMENTATION_COMMENTS = YES;
				CLANG_WARN_EMPTY_BODY = YES;
				CLANG_WARN_ENUM_CONVERSION = YES;
				CLANG_WARN_INFINITE_RECURSION = YES;
				CLANG_WARN_INT_CONVERSION = YES;
				CLANG_WARN_NON_LITERAL_NULL_CONVERSION = YES;
				CLANG_WARN_OBJC_IMPLICIT_RETAIN_SELF = YES;
				CLANG_WARN_OBJC_LITERAL_CONVERSION = YES;
				CLANG_WARN_OBJC_ROOT_CLASS = YES_ERROR;
				CLANG_WARN_QUOTED_INCLUDE_IN_FRAMEWORK_HEADER = YES;
				CLANG_WARN_RANGE_LOOP_ANALYSIS = YES;
				CLANG_WARN_STRICT_PROTOTYPES = YES;
				CLANG_WARN_SUSPICIOUS_MOVE = YES;
				CLANG_WARN_UNGUARDED_AVAILABILITY = YES_AGGRESSIVE;
				CLANG_WARN_UNREACHABLE_CODE = YES;
				CLANG_WARN__DUPLICATE_METHOD_MATCH = YES;
				CODE_SIGN_IDENTITY = "Apple Development";
				CODE_SIGN_INJECT_BASE_ENTITLEMENTS = NO;
				CODE_SIGN_STYLE = Manual;
				COPY_PHASE_STRIP = NO;
				DEBUG_INFORMATION_FORMAT = "dwarf-with-dsym";
				ENABLE_NS_ASSERTIONS = NO;
				ENABLE_STRICT_OBJC_MSGSEND = YES;
				GCC_C_LANGUAGE_STANDARD = gnu11;
				GCC_NO_COMMON_BLOCKS = YES;
				GCC_WARN_64_TO_32_BIT_CONVERSION = YES;
				GCC_WARN_ABOUT_RETURN_TYPE = YES_ERROR;
				GCC_WARN_UNDECLARED_SELECTOR = YES;
				GCC_WARN_UNINITIALIZED_AUTOS = YES_AGGRESSIVE;
				GCC_WARN_UNUSED_FUNCTION = YES;
				GCC_WARN_UNUSED_VARIABLE = YES;
				IPHONEOS_DEPLOYMENT_TARGET = 15.2;
				MTL_ENABLE_DEBUG_INFO = NO;
				MTL_FAST_MATH = YES;
				SDKROOT = iphoneos;
				SWIFT_COMPILATION_MODE = wholemodule;
				SWIFT_OPTIMIZATION_LEVEL = "-O";
				VALIDATE_PRODUCT = YES;
			};
			name = Release;
		};
		1F346A7427BE72B300E713A0 /* Debug */ = {
			isa = XCBuildConfiguration;
			baseConfigurationReference = AE152EA2BD0438C807FAE6BB /* Pods-ProjectOpenCV.debug.xcconfig */;
			buildSettings = {
				ASSETCATALOG_COMPILER_APPICON_NAME = AppIcon;
				ASSETCATALOG_COMPILER_GLOBAL_ACCENT_COLOR_NAME = AccentColor;
				CLANG_ENABLE_MODULES = YES;
				CODE_SIGN_ENTITLEMENTS = ProjectOpenCV/ProjectOpenCV.entitlements;
				CODE_SIGN_IDENTITY = "Apple Development";
				CODE_SIGN_INJECT_BASE_ENTITLEMENTS = YES;
				CODE_SIGN_STYLE = Automatic;
				CURRENT_PROJECT_VERSION = 1;
				DEVELOPMENT_TEAM = VKH5838WR5;
				GENERATE_INFOPLIST_FILE = YES;
				INFOPLIST_FILE = ProjectOpenCV/Info.plist;
				INFOPLIST_KEY_NSCameraUsageDescription = "Photo user ";
				INFOPLIST_KEY_NSPhotoLibraryUsageDescription = "We a use photo library";
				INFOPLIST_KEY_UIApplicationSupportsIndirectInputEvents = YES;
				INFOPLIST_KEY_UILaunchStoryboardName = LaunchScreen;
				INFOPLIST_KEY_UIMainStoryboardFile = Main;
				INFOPLIST_KEY_UISupportedInterfaceOrientations_iPad = "UIInterfaceOrientationPortrait UIInterfaceOrientationPortraitUpsideDown UIInterfaceOrientationLandscapeLeft UIInterfaceOrientationLandscapeRight";
				INFOPLIST_KEY_UISupportedInterfaceOrientations_iPhone = "UIInterfaceOrientationPortrait UIInterfaceOrientationLandscapeLeft UIInterfaceOrientationLandscapeRight";
				LD_RUNPATH_SEARCH_PATHS = (
					"$(inherited)",
					"@executable_path/Frameworks",
				);
				MARKETING_VERSION = 1.0;
				PRODUCT_BUNDLE_IDENTIFIER = com.mariupol.ProjectOpenCV;
				PRODUCT_NAME = "$(TARGET_NAME)";
				PROVISIONING_PROFILE_SPECIFIER = "";
				SWIFT_EMIT_LOC_STRINGS = YES;
				SWIFT_OBJC_BRIDGING_HEADER = "ProjectOpenCV/ProjectOpenCV-Bridging-Header.h";
				SWIFT_OPTIMIZATION_LEVEL = "-Onone";
				SWIFT_VERSION = 5.0;
				TARGETED_DEVICE_FAMILY = 1;
			};
			name = Debug;
		};
		1F346A7527BE72B300E713A0 /* Release */ = {
			isa = XCBuildConfiguration;
			baseConfigurationReference = 492930EA904838F1469EC2B5 /* Pods-ProjectOpenCV.release.xcconfig */;
			buildSettings = {
				ASSETCATALOG_COMPILER_APPICON_NAME = AppIcon;
				ASSETCATALOG_COMPILER_GLOBAL_ACCENT_COLOR_NAME = AccentColor;
				CLANG_ENABLE_MODULES = YES;
				CODE_SIGN_ENTITLEMENTS = ProjectOpenCV/ProjectOpenCVRelease.entitlements;
				CODE_SIGN_IDENTITY = "Apple Development";
				CODE_SIGN_INJECT_BASE_ENTITLEMENTS = YES;
				CODE_SIGN_STYLE = Automatic;
				CURRENT_PROJECT_VERSION = 1;
				DEVELOPMENT_TEAM = VKH5838WR5;
				GENERATE_INFOPLIST_FILE = YES;
				INFOPLIST_FILE = ProjectOpenCV/Info.plist;
				INFOPLIST_KEY_NSCameraUsageDescription = "Photo user ";
				INFOPLIST_KEY_NSPhotoLibraryUsageDescription = "We a use photo library";
				INFOPLIST_KEY_UIApplicationSupportsIndirectInputEvents = YES;
				INFOPLIST_KEY_UILaunchStoryboardName = LaunchScreen;
				INFOPLIST_KEY_UIMainStoryboardFile = Main;
				INFOPLIST_KEY_UISupportedInterfaceOrientations_iPad = "UIInterfaceOrientationPortrait UIInterfaceOrientationPortraitUpsideDown UIInterfaceOrientationLandscapeLeft UIInterfaceOrientationLandscapeRight";
				INFOPLIST_KEY_UISupportedInterfaceOrientations_iPhone = "UIInterfaceOrientationPortrait UIInterfaceOrientationLandscapeLeft UIInterfaceOrientationLandscapeRight";
				LD_RUNPATH_SEARCH_PATHS = (
					"$(inherited)",
					"@executable_path/Frameworks",
				);
				MARKETING_VERSION = 1.0;
				PRODUCT_BUNDLE_IDENTIFIER = com.mariupol.ProjectOpenCV;
				PRODUCT_NAME = "$(TARGET_NAME)";
				PROVISIONING_PROFILE_SPECIFIER = "";
				SWIFT_EMIT_LOC_STRINGS = YES;
				SWIFT_OBJC_BRIDGING_HEADER = "ProjectOpenCV/ProjectOpenCV-Bridging-Header.h";
				SWIFT_VERSION = 5.0;
				TARGETED_DEVICE_FAMILY = 1;
			};
			name = Release;
		};
/* End XCBuildConfiguration section */

/* Begin XCConfigurationList section */
		1F346A5A27BE72B000E713A0 /* Build configuration list for PBXProject "ProjectOpenCV" */ = {
			isa = XCConfigurationList;
			buildConfigurations = (
				1F346A7127BE72B300E713A0 /* Debug */,
				1F346A7227BE72B300E713A0 /* Release */,
			);
			defaultConfigurationIsVisible = 0;
			defaultConfigurationName = Release;
		};
		1F346A7327BE72B300E713A0 /* Build configuration list for PBXNativeTarget "ProjectOpenCV" */ = {
			isa = XCConfigurationList;
			buildConfigurations = (
				1F346A7427BE72B300E713A0 /* Debug */,
				1F346A7527BE72B300E713A0 /* Release */,
			);
			defaultConfigurationIsVisible = 0;
			defaultConfigurationName = Release;
		};
/* End XCConfigurationList section */

/* Begin XCRemoteSwiftPackageReference section */
		1F9362ED27C16A3500F1F73D /* XCRemoteSwiftPackageReference "GPUImage3" */ = {
			isa = XCRemoteSwiftPackageReference;
			repositoryURL = "https://github.com/BradLarson/GPUImage3";
			requirement = {
				branch = master;
				kind = branch;
			};
		};
/* End XCRemoteSwiftPackageReference section */

/* Begin XCSwiftPackageProductDependency section */
		1F9362EE27C16A3600F1F73D /* GPUImage */ = {
			isa = XCSwiftPackageProductDependency;
			package = 1F9362ED27C16A3500F1F73D /* XCRemoteSwiftPackageReference "GPUImage3" */;
			productName = GPUImage;
		};
/* End XCSwiftPackageProductDependency section */
	};
	rootObject = 1F346A5727BE72B000E713A0 /* Project object */;
}
